github.com/gorilla/websocket v1.4.2 h1:+/TMaTYc4QFitKJxsQ7Yye35DkWvkdLcvGKqM+x0Ufc=
github.com/gorilla/websocket v1.4.2/go.mod h1:YR8l580nyteQvAITg2hZ9XVh4b55+EU/adAjf1fMHhE=
github.com/korandiz/v4l v1.0.2 h1:M7Bw7PGD/eUSPapkCW29Gfws56PUolKIw5BrB50BQTE=
github.com/korandiz/v4l v1.0.2/go.mod h1:pftxPG7hkuUgepioAY6PAE81mShaVjzd95X/WF4Izus=
github.com/yobert/alsa v0.0.0-20200618200352-d079056f5370 h1:I8PHpJWTMTJZVDoosy8aXslFGe7wvcUbol7fOrVy4Tc=
github.com/yobert/alsa v0.0.0-20200618200352-d079056f5370/go.mod h1:CaowXBWOiSGWEpBBV8LoVnQTVPV4ycyviC9IBLj8dRw=
